# THIS IS AN AUTOGENERATED FILE. DO NOT EDIT THIS FILE DIRECTLY.
# yarn lockfile v1


cou@latest:
  version "1.3.0"
  resolved "https://registry.yarnpkg.com/cou/-/cou-1.3.0.tgz#4f357957da3f44f759e93614e450ba05e9e00918"
  dependencies:
    min-is latest

min-is@latest:
  version "2.2.0"
  resolved "https://registry.yarnpkg.com/min-is/-/min-is-2.2.0.tgz#2d84ba26b7be7554afd470108f7265d4ce4b39b0"

min-util@latest:
  version "2.3.0"
  resolved "https://registry.yarnpkg.com/min-util/-/min-util-2.3.0.tgz#95b7244de1ad8788cf3f1224dedd689176f64538"
  dependencies:
    cou latest
